
Microsoft Visual Studio Solution File, Format Version 12.00
# Visual Studio Version 17
VisualStudioVersion = 17.10.35027.167
MinimumVisualStudioVersion = 10.0.40219.1
Project("{FAE04EC0-301F-11D3-BF4B-00C04F79EFBC}") = "RabbitMQListener", "RabbitMQListener\RabbitMQListener.csproj", "{A3EA53F9-E75F-440F-9106-4646E57CC908}"
EndProject
Global
	GlobalSection(SolutionConfigurationPlatforms) = preSolution
		Debug|Any CPU = Debug|Any CPU
		Release|Any CPU = Release|Any CPU
	EndGlobalSection
	GlobalSection(ProjectConfigurationPlatforms) = postSolution
		{A3EA53F9-E75F-440F-9106-4646E57CC908}.Debug|Any CPU.ActiveCfg = Debug|Any CPU
		{A3EA53F9-E75F-440F-9106-4646E57CC908}.Debug|Any CPU.Build.0 = Debug|Any CPU
		{A3EA53F9-E75F-440F-9106-4646E57CC908}.Release|Any CPU.ActiveCfg = Release|Any CPU
		{A3EA53F9-E75F-440F-9106-4646E57CC908}.Release|Any CPU.Build.0 = Release|Any CPU
	EndGlobalSection
	GlobalSection(SolutionProperties) = preSolution
		HideSolutionNode = FALSE
	EndGlobalSection
	GlobalSection(ExtensibilityGlobals) = postSolution
		SolutionGuid = {6E72FEA2-D9E5-4467-892F-B9FAA501BAE3}
	EndGlobalSection
EndGlobal
